
Microsoft Visual Studio Solution File, Format Version 12.00
# Visual Studio Version 16
VisualStudioVersion = 16.0.30907.101
MinimumVisualStudioVersion = 10.0.40219.1
Project("{FAE04EC0-301F-11D3-BF4B-00C04F79EFBC}") = "CsvImporter.Shell", "CsvImporter.Shell\CsvImporter.Shell.csproj", "{F50E5510-2BCF-44DA-B930-6D39D9E89BEA}"
EndProject
Project("{FAE04EC0-301F-11D3-BF4B-00C04F79EFBC}") = "CsvImporter.NUnitTest", "CsvImporter.NUnitTest\CsvImporter.NUnitTest.csproj", "{47731BC3-B4F5-4C00-8B5F-3BDE1EDA49AB}"
EndProject
Global
	GlobalSection(SolutionConfigurationPlatforms) = preSolution
		Debug|Any CPU = Debug|Any CPU
		Release|Any CPU = Release|Any CPU
	EndGlobalSection
	GlobalSection(ProjectConfigurationPlatforms) = postSolution
		{F50E5510-2BCF-44DA-B930-6D39D9E89BEA}.Debug|Any CPU.ActiveCfg = Debug|Any CPU
		{F50E5510-2BCF-44DA-B930-6D39D9E89BEA}.Debug|Any CPU.Build.0 = Debug|Any CPU
		{F50E5510-2BCF-44DA-B930-6D39D9E89BEA}.Release|Any CPU.ActiveCfg = Release|Any CPU
		{F50E5510-2BCF-44DA-B930-6D39D9E89BEA}.Release|Any CPU.Build.0 = Release|Any CPU
		{47731BC3-B4F5-4C00-8B5F-3BDE1EDA49AB}.Debug|Any CPU.ActiveCfg = Debug|Any CPU
		{47731BC3-B4F5-4C00-8B5F-3BDE1EDA49AB}.Debug|Any CPU.Build.0 = Debug|Any CPU
		{47731BC3-B4F5-4C00-8B5F-3BDE1EDA49AB}.Release|Any CPU.ActiveCfg = Release|Any CPU
		{47731BC3-B4F5-4C00-8B5F-3BDE1EDA49AB}.Release|Any CPU.Build.0 = Release|Any CPU
	EndGlobalSection
	GlobalSection(SolutionProperties) = preSolution
		HideSolutionNode = FALSE
	EndGlobalSection
	GlobalSection(ExtensibilityGlobals) = postSolution
		SolutionGuid = {F975330B-3A0A-4A08-A7FB-30060957D806}
	EndGlobalSection
EndGlobal
